
Microsoft Visual Studio Solution File, Format Version 12.00
# Visual Studio Version 17
VisualStudioVersion = 17.10.35004.147
MinimumVisualStudioVersion = 10.0.40219.1
Project("{9A19103F-16F7-4668-BE54-9A1E7A4F7556}") = "order-food-backend", "order-food-backend\order-food-backend.csproj", "{156FC1CB-4422-44C8-8CD5-FD64D40DD420}"
	ProjectSection(ProjectDependencies) = postProject
		{F9859F3B-9D75-48DD-9ACE-C10A2AFF2244} = {F9859F3B-9D75-48DD-9ACE-C10A2AFF2244}
	EndProjectSection
EndProject
Project("{9A19103F-16F7-4668-BE54-9A1E7A4F7556}") = "OrderFoodLibrary", "OrderFoodLibrary\OrderFoodLibrary.csproj", "{F9859F3B-9D75-48DD-9ACE-C10A2AFF2244}"
EndProject
Project("{9A19103F-16F7-4668-BE54-9A1E7A4F7556}") = "order-food-tests", "order-food-tests\order-food-tests.csproj", "{8148A717-9C56-48C8-907F-0D84D4D255E9}"
EndProject
Global
	GlobalSection(SolutionConfigurationPlatforms) = preSolution
		Debug|Any CPU = Debug|Any CPU
		Release|Any CPU = Release|Any CPU
	EndGlobalSection
	GlobalSection(ProjectConfigurationPlatforms) = postSolution
		{156FC1CB-4422-44C8-8CD5-FD64D40DD420}.Debug|Any CPU.ActiveCfg = Debug|Any CPU
		{156FC1CB-4422-44C8-8CD5-FD64D40DD420}.Debug|Any CPU.Build.0 = Debug|Any CPU
		{156FC1CB-4422-44C8-8CD5-FD64D40DD420}.Release|Any CPU.ActiveCfg = Release|Any CPU
		{156FC1CB-4422-44C8-8CD5-FD64D40DD420}.Release|Any CPU.Build.0 = Release|Any CPU
		{F9859F3B-9D75-48DD-9ACE-C10A2AFF2244}.Debug|Any CPU.ActiveCfg = Debug|Any CPU
		{F9859F3B-9D75-48DD-9ACE-C10A2AFF2244}.Debug|Any CPU.Build.0 = Debug|Any CPU
		{F9859F3B-9D75-48DD-9ACE-C10A2AFF2244}.Release|Any CPU.ActiveCfg = Release|Any CPU
		{F9859F3B-9D75-48DD-9ACE-C10A2AFF2244}.Release|Any CPU.Build.0 = Release|Any CPU
		{8148A717-9C56-48C8-907F-0D84D4D255E9}.Debug|Any CPU.ActiveCfg = Debug|Any CPU
		{8148A717-9C56-48C8-907F-0D84D4D255E9}.Debug|Any CPU.Build.0 = Debug|Any CPU
		{8148A717-9C56-48C8-907F-0D84D4D255E9}.Release|Any CPU.ActiveCfg = Release|Any CPU
		{8148A717-9C56-48C8-907F-0D84D4D255E9}.Release|Any CPU.Build.0 = Release|Any CPU
	EndGlobalSection
	GlobalSection(SolutionProperties) = preSolution
		HideSolutionNode = FALSE
	EndGlobalSection
	GlobalSection(ExtensibilityGlobals) = postSolution
		SolutionGuid = {0FA963CA-7149-4BDD-B717-AAF1F4C59458}
	EndGlobalSection
EndGlobal
